
Microsoft Visual Studio Solution File, Format Version 12.00
# Visual Studio Version 16
VisualStudioVersion = 16.0.30320.27
MinimumVisualStudioVersion = 10.0.40219.1
Project("{FAE04EC0-301F-11D3-BF4B-00C04F79EFBC}") = "Week2Lesson8", "Week2Lesson8\Week2Lesson8.csproj", "{56D3C7A1-0214-4969-A3D6-AB987B09E584}"
EndProject
Global
	GlobalSection(SolutionConfigurationPlatforms) = preSolution
		Debug|Any CPU = Debug|Any CPU
		Release|Any CPU = Release|Any CPU
	EndGlobalSection
	GlobalSection(ProjectConfigurationPlatforms) = postSolution
		{56D3C7A1-0214-4969-A3D6-AB987B09E584}.Debug|Any CPU.ActiveCfg = Debug|Any CPU
		{56D3C7A1-0214-4969-A3D6-AB987B09E584}.Debug|Any CPU.Build.0 = Debug|Any CPU
		{56D3C7A1-0214-4969-A3D6-AB987B09E584}.Release|Any CPU.ActiveCfg = Release|Any CPU
		{56D3C7A1-0214-4969-A3D6-AB987B09E584}.Release|Any CPU.Build.0 = Release|Any CPU
	EndGlobalSection
	GlobalSection(SolutionProperties) = preSolution
		HideSolutionNode = FALSE
	EndGlobalSection
	GlobalSection(ExtensibilityGlobals) = postSolution
		SolutionGuid = {11556769-B86E-4E7F-B417-9C34F06F202C}
	EndGlobalSection
EndGlobal
